
Microsoft Visual Studio Solution File, Format Version 12.00
# Visual Studio Version 17
VisualStudioVersion = 17.3.32819.101
MinimumVisualStudioVersion = 10.0.40219.1
Project("{FAE04EC0-301F-11D3-BF4B-00C04F79EFBC}") = "Excercise8", "Excercise8.csproj", "{F101AC30-EC30-4F2A-9836-8B405850057E}"
EndProject
Global
	GlobalSection(SolutionConfigurationPlatforms) = preSolution
		Debug|Any CPU = Debug|Any CPU
		Release|Any CPU = Release|Any CPU
	EndGlobalSection
	GlobalSection(ProjectConfigurationPlatforms) = postSolution
		{F101AC30-EC30-4F2A-9836-8B405850057E}.Debug|Any CPU.ActiveCfg = Debug|Any CPU
		{F101AC30-EC30-4F2A-9836-8B405850057E}.Debug|Any CPU.Build.0 = Debug|Any CPU
		{F101AC30-EC30-4F2A-9836-8B405850057E}.Release|Any CPU.ActiveCfg = Release|Any CPU
		{F101AC30-EC30-4F2A-9836-8B405850057E}.Release|Any CPU.Build.0 = Release|Any CPU
	EndGlobalSection
	GlobalSection(SolutionProperties) = preSolution
		HideSolutionNode = FALSE
	EndGlobalSection
	GlobalSection(ExtensibilityGlobals) = postSolution
		SolutionGuid = {B69E357F-38BA-4691-AC1D-6C856DACC4EF}
	EndGlobalSection
EndGlobal
